
Microsoft Visual Studio Solution File, Format Version 12.00
# Visual Studio Version 17
VisualStudioVersion = 17.14.36121.58 d17.14
MinimumVisualStudioVersion = 10.0.40219.1
Project("{FAE04EC0-301F-11D3-BF4B-00C04F79EFBC}") = "LineaBaseETB_V2", "LineaBaseETB_V2\LineaBaseETB_V2.csproj", "{6FDB321D-EA39-4A89-BA65-05604CB2E61A}"
EndProject
Global
	GlobalSection(SolutionConfigurationPlatforms) = preSolution
		Debug|Any CPU = Debug|Any CPU
		Release|Any CPU = Release|Any CPU
	EndGlobalSection
	GlobalSection(ProjectConfigurationPlatforms) = postSolution
		{6FDB321D-EA39-4A89-BA65-05604CB2E61A}.Debug|Any CPU.ActiveCfg = Debug|Any CPU
		{6FDB321D-EA39-4A89-BA65-05604CB2E61A}.Debug|Any CPU.Build.0 = Debug|Any CPU
		{6FDB321D-EA39-4A89-BA65-05604CB2E61A}.Release|Any CPU.ActiveCfg = Release|Any CPU
		{6FDB321D-EA39-4A89-BA65-05604CB2E61A}.Release|Any CPU.Build.0 = Release|Any CPU
	EndGlobalSection
	GlobalSection(SolutionProperties) = preSolution
		HideSolutionNode = FALSE
	EndGlobalSection
	GlobalSection(ExtensibilityGlobals) = postSolution
		SolutionGuid = {1AF14D7E-8AC7-497F-98F4-6932171B7FAD}
	EndGlobalSection
EndGlobal
